
Microsoft Visual Studio Solution File, Format Version 12.00
# Visual Studio Version 16
VisualStudioVersion = 16.0.30413.136
MinimumVisualStudioVersion = 10.0.40219.1
Project("{FAE04EC0-301F-11D3-BF4B-00C04F79EFBC}") = "ContactsBook.WebUI", "ContactsBook.WebUI\ContactsBook.WebUI.csproj", "{C4E7E73C-03D2-4682-8811-7A1EFD73D938}"
EndProject
Project("{9A19103F-16F7-4668-BE54-9A1E7A4F7556}") = "ContactsBook.DataAccess.MsSql", "ContactsBook.DataAccess\ContactsBook.DataAccess.MsSql.csproj", "{B0792123-EDB6-49BC-886D-7C9520433943}"
EndProject
Project("{9A19103F-16F7-4668-BE54-9A1E7A4F7556}") = "ContactsBook.Application", "ContactsBook.Application\ContactsBook.Application.csproj", "{237DD2EA-5F07-46F9-B803-3E01F15EC8D1}"
EndProject
Project("{9A19103F-16F7-4668-BE54-9A1E7A4F7556}") = "ContactsBook.Domain", "ContactsBook.Domain\ContactsBook.Domain.csproj", "{A49D31DB-C9BD-44EA-A309-C7B9DD75E421}"
EndProject
Project("{9A19103F-16F7-4668-BE54-9A1E7A4F7556}") = "ContactsBook.WebApi", "ContactsBook.WebApi\ContactsBook.WebApi.csproj", "{FD19F8DD-E49B-4275-8487-61D78AED34B5}"
EndProject
Project("{9A19103F-16F7-4668-BE54-9A1E7A4F7556}") = "ContactsBook.Utils", "ContactsBook.Utils\ContactsBook.Utils.csproj", "{F30B2797-A286-4D02-9272-E4A427F910B5}"
EndProject
Project("{9A19103F-16F7-4668-BE54-9A1E7A4F7556}") = "ContactsBook.Infrastructure.Interfaces", "ContactsBook.Infrastructure.Interfaces\ContactsBook.Infrastructure.Interfaces.csproj", "{BC164DB8-6D62-4201-9770-57FE2AFCA384}"
EndProject
Project("{FAE04EC0-301F-11D3-BF4B-00C04F79EFBC}") = "ContactsBook.Application.Interfaces", "ContactsBook.Application.Interfaces\ContactsBook.Application.Interfaces.csproj", "{330F0A3B-586B-4689-BEA1-9F75E132212A}"
EndProject
Global
	GlobalSection(SolutionConfigurationPlatforms) = preSolution
		Debug|Any CPU = Debug|Any CPU
		Release|Any CPU = Release|Any CPU
	EndGlobalSection
	GlobalSection(ProjectConfigurationPlatforms) = postSolution
		{C4E7E73C-03D2-4682-8811-7A1EFD73D938}.Debug|Any CPU.ActiveCfg = Debug|Any CPU
		{C4E7E73C-03D2-4682-8811-7A1EFD73D938}.Debug|Any CPU.Build.0 = Debug|Any CPU
		{C4E7E73C-03D2-4682-8811-7A1EFD73D938}.Release|Any CPU.ActiveCfg = Release|Any CPU
		{C4E7E73C-03D2-4682-8811-7A1EFD73D938}.Release|Any CPU.Build.0 = Release|Any CPU
		{B0792123-EDB6-49BC-886D-7C9520433943}.Debug|Any CPU.ActiveCfg = Debug|Any CPU
		{B0792123-EDB6-49BC-886D-7C9520433943}.Debug|Any CPU.Build.0 = Debug|Any CPU
		{B0792123-EDB6-49BC-886D-7C9520433943}.Release|Any CPU.ActiveCfg = Release|Any CPU
		{B0792123-EDB6-49BC-886D-7C9520433943}.Release|Any CPU.Build.0 = Release|Any CPU
		{237DD2EA-5F07-46F9-B803-3E01F15EC8D1}.Debug|Any CPU.ActiveCfg = Debug|Any CPU
		{237DD2EA-5F07-46F9-B803-3E01F15EC8D1}.Debug|Any CPU.Build.0 = Debug|Any CPU
		{237DD2EA-5F07-46F9-B803-3E01F15EC8D1}.Release|Any CPU.ActiveCfg = Release|Any CPU
		{237DD2EA-5F07-46F9-B803-3E01F15EC8D1}.Release|Any CPU.Build.0 = Release|Any CPU
		{A49D31DB-C9BD-44EA-A309-C7B9DD75E421}.Debug|Any CPU.ActiveCfg = Debug|Any CPU
		{A49D31DB-C9BD-44EA-A309-C7B9DD75E421}.Debug|Any CPU.Build.0 = Debug|Any CPU
		{A49D31DB-C9BD-44EA-A309-C7B9DD75E421}.Release|Any CPU.ActiveCfg = Release|Any CPU
		{A49D31DB-C9BD-44EA-A309-C7B9DD75E421}.Release|Any CPU.Build.0 = Release|Any CPU
		{FD19F8DD-E49B-4275-8487-61D78AED34B5}.Debug|Any CPU.ActiveCfg = Debug|Any CPU
		{FD19F8DD-E49B-4275-8487-61D78AED34B5}.Debug|Any CPU.Build.0 = Debug|Any CPU
		{FD19F8DD-E49B-4275-8487-61D78AED34B5}.Release|Any CPU.ActiveCfg = Release|Any CPU
		{FD19F8DD-E49B-4275-8487-61D78AED34B5}.Release|Any CPU.Build.0 = Release|Any CPU
		{F30B2797-A286-4D02-9272-E4A427F910B5}.Debug|Any CPU.ActiveCfg = Debug|Any CPU
		{F30B2797-A286-4D02-9272-E4A427F910B5}.Debug|Any CPU.Build.0 = Debug|Any CPU
		{F30B2797-A286-4D02-9272-E4A427F910B5}.Release|Any CPU.ActiveCfg = Release|Any CPU
		{F30B2797-A286-4D02-9272-E4A427F910B5}.Release|Any CPU.Build.0 = Release|Any CPU
		{BC164DB8-6D62-4201-9770-57FE2AFCA384}.Debug|Any CPU.ActiveCfg = Debug|Any CPU
		{BC164DB8-6D62-4201-9770-57FE2AFCA384}.Debug|Any CPU.Build.0 = Debug|Any CPU
		{BC164DB8-6D62-4201-9770-57FE2AFCA384}.Release|Any CPU.ActiveCfg = Release|Any CPU
		{BC164DB8-6D62-4201-9770-57FE2AFCA384}.Release|Any CPU.Build.0 = Release|Any CPU
		{330F0A3B-586B-4689-BEA1-9F75E132212A}.Debug|Any CPU.ActiveCfg = Debug|Any CPU
		{330F0A3B-586B-4689-BEA1-9F75E132212A}.Debug|Any CPU.Build.0 = Debug|Any CPU
		{330F0A3B-586B-4689-BEA1-9F75E132212A}.Release|Any CPU.ActiveCfg = Release|Any CPU
		{330F0A3B-586B-4689-BEA1-9F75E132212A}.Release|Any CPU.Build.0 = Release|Any CPU
	EndGlobalSection
	GlobalSection(SolutionProperties) = preSolution
		HideSolutionNode = FALSE
	EndGlobalSection
	GlobalSection(ExtensibilityGlobals) = postSolution
		SolutionGuid = {09387BAD-20FA-4F3C-AEC4-D41854DC88DA}
	EndGlobalSection
EndGlobal
